
Microsoft Visual Studio Solution File, Format Version 12.00
Project("{FAE04EC0-301F-11D3-BF4B-00C04F79EFBC}") = "IntelligentAutomation.Domain", "IntelligentAutomation.Domain\IntelligentAutomation.Domain.csproj", "{C9007208-D5CE-4AB1-847D-C07CB195BE43}"
EndProject
Project("{FAE04EC0-301F-11D3-BF4B-00C04F79EFBC}") = "IntelligentAutomation.Application", "IntelligentAutomation.Application\IntelligentAutomation.Application.csproj", "{1DB8FA1E-58AF-4DBF-8A6E-7F6C66E8EA3F}"
EndProject
Project("{FAE04EC0-301F-11D3-BF4B-00C04F79EFBC}") = "IntelligentAutomation.Infrastructure", "IntelligentAutomation.Infrastructure\IntelligentAutomation.Infrastructure.csproj", "{2A4CDF3B-BCF1-41BE-ABE9-EF57A292728A}"
EndProject
Project("{FAE04EC0-301F-11D3-BF4B-00C04F79EFBC}") = "IntelligentAutomation.ApiGateway", "IntelligentAutomation.ApiGateway\IntelligentAutomation.ApiGateway.csproj", "{5CAAB71C-033D-40A8-8708-B0C02399AA84}"
EndProject
Project("{FAE04EC0-301F-11D3-BF4B-00C04F79EFBC}") = "IntelligentAutomation.Orchestrator", "IntelligentAutomation.Orchestrator\IntelligentAutomation.Orchestrator.csproj", "{06C747B1-5AAB-4BE6-BC51-979F14CECD29}"
EndProject
Project("{FAE04EC0-301F-11D3-BF4B-00C04F79EFBC}") = "IntelligentAutomation.ContainerManager", "IntelligentAutomation.ContainerManager\IntelligentAutomation.ContainerManager.csproj", "{9DC18ED4-772C-4506-84C0-8E1F9A2907A2}"
EndProject
Project("{FAE04EC0-301F-11D3-BF4B-00C04F79EFBC}") = "IntelligentAutomation.AgentRuntime", "IntelligentAutomation.AgentRuntime\IntelligentAutomation.AgentRuntime.csproj", "{988CAD64-A223-48C1-B2D3-9BDCF2F962FF}"
EndProject
Project("{FAE04EC0-301F-11D3-BF4B-00C04F79EFBC}") = "IntelligentAutomation.BlazorApp", "IntelligentAutomation.BlazorApp\IntelligentAutomation.BlazorApp.csproj", "{9D12E9BF-B61E-47C3-A642-7AE420361EC9}"
EndProject
Project("{FAE04EC0-301F-11D3-BF4B-00C04F79EFBC}") = "IntelligentAutomation.Core", "IntelligentAutomation.Core\IntelligentAutomation.Core.csproj", "{8D5B0FAD-589A-4F7C-966C-8C5AD96F62A3}"
EndProject
Project("{FAE04EC0-301F-11D3-BF4B-00C04F79EFBC}") = "IntelligentAutomation.Dtos", "IntelligentAutomation.Dtos\IntelligentAutomation.Dtos.csproj", "{15049579-AF66-4298-8AAA-FDFE104C1BF1}"
EndProject
Project("{FAE04EC0-301F-11D3-BF4B-00C04F79EFBC}") = "IntelligentAutomation.Interfaces", "IntelligentAutomation.Interfaces\IntelligentAutomation.Interfaces.csproj", "{35FB1FC3-1A30-49F1-8357-E21A7A790FF0}"
EndProject
Project("{FAE04EC0-301F-11D3-BF4B-00C04F79EFBC}") = "IntelligentAutomation.Enums", "IntelligentAutomation.Enums\IntelligentAutomation.Enums.csproj", "{9EF4D950-E4DE-453F-857F-16566DB3BAAD}"
EndProject
Project("{FAE04EC0-301F-11D3-BF4B-00C04F79EFBC}") = "IntelligentAutomation.Services", "IntelligentAutomation.Services\IntelligentAutomation.Services.csproj", "{7E403E01-11D7-4584-8145-4A13C6A49EA5}"
EndProject
Project("{FAE04EC0-301F-11D3-BF4B-00C04F79EFBC}") = "IntelligentAutomation.Portal", "IntelligentAutomation.Portal\IntelligentAutomation.Portal.csproj", "{5A4322AE-1548-4D44-B741-E1FF75BB50DC}"
EndProject
Global
	GlobalSection(SolutionConfigurationPlatforms) = preSolution
		Debug|Any CPU = Debug|Any CPU
		Debug|x64 = Debug|x64
		Debug|x86 = Debug|x86
		Release|Any CPU = Release|Any CPU
		Release|x64 = Release|x64
		Release|x86 = Release|x86
	EndGlobalSection
	GlobalSection(ProjectConfigurationPlatforms) = postSolution
		{C9007208-D5CE-4AB1-847D-C07CB195BE43}.Debug|Any CPU.ActiveCfg = Debug|Any CPU
		{C9007208-D5CE-4AB1-847D-C07CB195BE43}.Debug|Any CPU.Build.0 = Debug|Any CPU
		{C9007208-D5CE-4AB1-847D-C07CB195BE43}.Debug|x64.ActiveCfg = Debug|Any CPU
		{C9007208-D5CE-4AB1-847D-C07CB195BE43}.Debug|x64.Build.0 = Debug|Any CPU
		{C9007208-D5CE-4AB1-847D-C07CB195BE43}.Debug|x86.ActiveCfg = Debug|Any CPU
		{C9007208-D5CE-4AB1-847D-C07CB195BE43}.Debug|x86.Build.0 = Debug|Any CPU
		{C9007208-D5CE-4AB1-847D-C07CB195BE43}.Release|Any CPU.ActiveCfg = Release|Any CPU
		{C9007208-D5CE-4AB1-847D-C07CB195BE43}.Release|Any CPU.Build.0 = Release|Any CPU
		{C9007208-D5CE-4AB1-847D-C07CB195BE43}.Release|x64.ActiveCfg = Release|Any CPU
		{C9007208-D5CE-4AB1-847D-C07CB195BE43}.Release|x64.Build.0 = Release|Any CPU
		{C9007208-D5CE-4AB1-847D-C07CB195BE43}.Release|x86.ActiveCfg = Release|Any CPU
		{C9007208-D5CE-4AB1-847D-C07CB195BE43}.Release|x86.Build.0 = Release|Any CPU
		{1DB8FA1E-58AF-4DBF-8A6E-7F6C66E8EA3F}.Debug|Any CPU.ActiveCfg = Debug|Any CPU
		{1DB8FA1E-58AF-4DBF-8A6E-7F6C66E8EA3F}.Debug|Any CPU.Build.0 = Debug|Any CPU
		{1DB8FA1E-58AF-4DBF-8A6E-7F6C66E8EA3F}.Debug|x64.ActiveCfg = Debug|Any CPU
		{1DB8FA1E-58AF-4DBF-8A6E-7F6C66E8EA3F}.Debug|x64.Build.0 = Debug|Any CPU
		{1DB8FA1E-58AF-4DBF-8A6E-7F6C66E8EA3F}.Debug|x86.ActiveCfg = Debug|Any CPU
		{1DB8FA1E-58AF-4DBF-8A6E-7F6C66E8EA3F}.Debug|x86.Build.0 = Debug|Any CPU
		{1DB8FA1E-58AF-4DBF-8A6E-7F6C66E8EA3F}.Release|Any CPU.ActiveCfg = Release|Any CPU
		{1DB8FA1E-58AF-4DBF-8A6E-7F6C66E8EA3F}.Release|Any CPU.Build.0 = Release|Any CPU
		{1DB8FA1E-58AF-4DBF-8A6E-7F6C66E8EA3F}.Release|x64.ActiveCfg = Release|Any CPU
		{1DB8FA1E-58AF-4DBF-8A6E-7F6C66E8EA3F}.Release|x64.Build.0 = Release|Any CPU
		{1DB8FA1E-58AF-4DBF-8A6E-7F6C66E8EA3F}.Release|x86.ActiveCfg = Release|Any CPU
		{1DB8FA1E-58AF-4DBF-8A6E-7F6C66E8EA3F}.Release|x86.Build.0 = Release|Any CPU
		{2A4CDF3B-BCF1-41BE-ABE9-EF57A292728A}.Debug|Any CPU.ActiveCfg = Debug|Any CPU
		{2A4CDF3B-BCF1-41BE-ABE9-EF57A292728A}.Debug|Any CPU.Build.0 = Debug|Any CPU
		{2A4CDF3B-BCF1-41BE-ABE9-EF57A292728A}.Debug|x64.ActiveCfg = Debug|Any CPU
		{2A4CDF3B-BCF1-41BE-ABE9-EF57A292728A}.Debug|x64.Build.0 = Debug|Any CPU
		{2A4CDF3B-BCF1-41BE-ABE9-EF57A292728A}.Debug|x86.ActiveCfg = Debug|Any CPU
		{2A4CDF3B-BCF1-41BE-ABE9-EF57A292728A}.Debug|x86.Build.0 = Debug|Any CPU
		{2A4CDF3B-BCF1-41BE-ABE9-EF57A292728A}.Release|Any CPU.ActiveCfg = Release|Any CPU
		{2A4CDF3B-BCF1-41BE-ABE9-EF57A292728A}.Release|Any CPU.Build.0 = Release|Any CPU
		{2A4CDF3B-BCF1-41BE-ABE9-EF57A292728A}.Release|x64.ActiveCfg = Release|Any CPU
		{2A4CDF3B-BCF1-41BE-ABE9-EF57A292728A}.Release|x64.Build.0 = Release|Any CPU
		{2A4CDF3B-BCF1-41BE-ABE9-EF57A292728A}.Release|x86.ActiveCfg = Release|Any CPU
		{2A4CDF3B-BCF1-41BE-ABE9-EF57A292728A}.Release|x86.Build.0 = Release|Any CPU
		{5CAAB71C-033D-40A8-8708-B0C02399AA84}.Debug|Any CPU.ActiveCfg = Debug|Any CPU
		{5CAAB71C-033D-40A8-8708-B0C02399AA84}.Debug|Any CPU.Build.0 = Debug|Any CPU
		{5CAAB71C-033D-40A8-8708-B0C02399AA84}.Debug|x64.ActiveCfg = Debug|Any CPU
		{5CAAB71C-033D-40A8-8708-B0C02399AA84}.Debug|x64.Build.0 = Debug|Any CPU
		{5CAAB71C-033D-40A8-8708-B0C02399AA84}.Debug|x86.ActiveCfg = Debug|Any CPU
		{5CAAB71C-033D-40A8-8708-B0C02399AA84}.Debug|x86.Build.0 = Debug|Any CPU
		{5CAAB71C-033D-40A8-8708-B0C02399AA84}.Release|Any CPU.ActiveCfg = Release|Any CPU
		{5CAAB71C-033D-40A8-8708-B0C02399AA84}.Release|Any CPU.Build.0 = Release|Any CPU
		{5CAAB71C-033D-40A8-8708-B0C02399AA84}.Release|x64.ActiveCfg = Release|Any CPU
		{5CAAB71C-033D-40A8-8708-B0C02399AA84}.Release|x64.Build.0 = Release|Any CPU
		{5CAAB71C-033D-40A8-8708-B0C02399AA84}.Release|x86.ActiveCfg = Release|Any CPU
		{5CAAB71C-033D-40A8-8708-B0C02399AA84}.Release|x86.Build.0 = Release|Any CPU
		{06C747B1-5AAB-4BE6-BC51-979F14CECD29}.Debug|Any CPU.ActiveCfg = Debug|Any CPU
		{06C747B1-5AAB-4BE6-BC51-979F14CECD29}.Debug|Any CPU.Build.0 = Debug|Any CPU
		{06C747B1-5AAB-4BE6-BC51-979F14CECD29}.Debug|x64.ActiveCfg = Debug|Any CPU
		{06C747B1-5AAB-4BE6-BC51-979F14CECD29}.Debug|x64.Build.0 = Debug|Any CPU
		{06C747B1-5AAB-4BE6-BC51-979F14CECD29}.Debug|x86.ActiveCfg = Debug|Any CPU
		{06C747B1-5AAB-4BE6-BC51-979F14CECD29}.Debug|x86.Build.0 = Debug|Any CPU
		{06C747B1-5AAB-4BE6-BC51-979F14CECD29}.Release|Any CPU.ActiveCfg = Release|Any CPU
		{06C747B1-5AAB-4BE6-BC51-979F14CECD29}.Release|Any CPU.Build.0 = Release|Any CPU
		{06C747B1-5AAB-4BE6-BC51-979F14CECD29}.Release|x64.ActiveCfg = Release|Any CPU
		{06C747B1-5AAB-4BE6-BC51-979F14CECD29}.Release|x64.Build.0 = Release|Any CPU
		{06C747B1-5AAB-4BE6-BC51-979F14CECD29}.Release|x86.ActiveCfg = Release|Any CPU
		{06C747B1-5AAB-4BE6-BC51-979F14CECD29}.Release|x86.Build.0 = Release|Any CPU
		{9DC18ED4-772C-4506-84C0-8E1F9A2907A2}.Debug|Any CPU.ActiveCfg = Debug|Any CPU
		{9DC18ED4-772C-4506-84C0-8E1F9A2907A2}.Debug|Any CPU.Build.0 = Debug|Any CPU
		{9DC18ED4-772C-4506-84C0-8E1F9A2907A2}.Debug|x64.ActiveCfg = Debug|Any CPU
		{9DC18ED4-772C-4506-84C0-8E1F9A2907A2}.Debug|x64.Build.0 = Debug|Any CPU
		{9DC18ED4-772C-4506-84C0-8E1F9A2907A2}.Debug|x86.ActiveCfg = Debug|Any CPU
		{9DC18ED4-772C-4506-84C0-8E1F9A2907A2}.Debug|x86.Build.0 = Debug|Any CPU
		{9DC18ED4-772C-4506-84C0-8E1F9A2907A2}.Release|Any CPU.ActiveCfg = Release|Any CPU
		{9DC18ED4-772C-4506-84C0-8E1F9A2907A2}.Release|Any CPU.Build.0 = Release|Any CPU
		{9DC18ED4-772C-4506-84C0-8E1F9A2907A2}.Release|x64.ActiveCfg = Release|Any CPU
		{9DC18ED4-772C-4506-84C0-8E1F9A2907A2}.Release|x64.Build.0 = Release|Any CPU
		{9DC18ED4-772C-4506-84C0-8E1F9A2907A2}.Release|x86.ActiveCfg = Release|Any CPU
		{9DC18ED4-772C-4506-84C0-8E1F9A2907A2}.Release|x86.Build.0 = Release|Any CPU
		{988CAD64-A223-48C1-B2D3-9BDCF2F962FF}.Debug|Any CPU.ActiveCfg = Debug|Any CPU
		{988CAD64-A223-48C1-B2D3-9BDCF2F962FF}.Debug|Any CPU.Build.0 = Debug|Any CPU
		{988CAD64-A223-48C1-B2D3-9BDCF2F962FF}.Debug|x64.ActiveCfg = Debug|Any CPU
		{988CAD64-A223-48C1-B2D3-9BDCF2F962FF}.Debug|x64.Build.0 = Debug|Any CPU
		{988CAD64-A223-48C1-B2D3-9BDCF2F962FF}.Debug|x86.ActiveCfg = Debug|Any CPU
		{988CAD64-A223-48C1-B2D3-9BDCF2F962FF}.Debug|x86.Build.0 = Debug|Any CPU
		{988CAD64-A223-48C1-B2D3-9BDCF2F962FF}.Release|Any CPU.ActiveCfg = Release|Any CPU
		{988CAD64-A223-48C1-B2D3-9BDCF2F962FF}.Release|Any CPU.Build.0 = Release|Any CPU
		{988CAD64-A223-48C1-B2D3-9BDCF2F962FF}.Release|x64.ActiveCfg = Release|Any CPU
		{988CAD64-A223-48C1-B2D3-9BDCF2F962FF}.Release|x64.Build.0 = Release|Any CPU
		{988CAD64-A223-48C1-B2D3-9BDCF2F962FF}.Release|x86.ActiveCfg = Release|Any CPU
		{988CAD64-A223-48C1-B2D3-9BDCF2F962FF}.Release|x86.Build.0 = Release|Any CPU
		{9D12E9BF-B61E-47C3-A642-7AE420361EC9}.Debug|Any CPU.ActiveCfg = Debug|Any CPU
		{9D12E9BF-B61E-47C3-A642-7AE420361EC9}.Debug|Any CPU.Build.0 = Debug|Any CPU
		{9D12E9BF-B61E-47C3-A642-7AE420361EC9}.Debug|x64.ActiveCfg = Debug|Any CPU
		{9D12E9BF-B61E-47C3-A642-7AE420361EC9}.Debug|x64.Build.0 = Debug|Any CPU
		{9D12E9BF-B61E-47C3-A642-7AE420361EC9}.Debug|x86.ActiveCfg = Debug|Any CPU
		{9D12E9BF-B61E-47C3-A642-7AE420361EC9}.Debug|x86.Build.0 = Debug|Any CPU
		{9D12E9BF-B61E-47C3-A642-7AE420361EC9}.Release|Any CPU.ActiveCfg = Release|Any CPU
		{9D12E9BF-B61E-47C3-A642-7AE420361EC9}.Release|Any CPU.Build.0 = Release|Any CPU
		{9D12E9BF-B61E-47C3-A642-7AE420361EC9}.Release|x64.ActiveCfg = Release|Any CPU
		{9D12E9BF-B61E-47C3-A642-7AE420361EC9}.Release|x64.Build.0 = Release|Any CPU
		{9D12E9BF-B61E-47C3-A642-7AE420361EC9}.Release|x86.ActiveCfg = Release|Any CPU
		{9D12E9BF-B61E-47C3-A642-7AE420361EC9}.Release|x86.Build.0 = Release|Any CPU
		{8D5B0FAD-589A-4F7C-966C-8C5AD96F62A3}.Debug|Any CPU.ActiveCfg = Debug|Any CPU
		{8D5B0FAD-589A-4F7C-966C-8C5AD96F62A3}.Debug|Any CPU.Build.0 = Debug|Any CPU
		{8D5B0FAD-589A-4F7C-966C-8C5AD96F62A3}.Debug|x64.ActiveCfg = Debug|Any CPU
		{8D5B0FAD-589A-4F7C-966C-8C5AD96F62A3}.Debug|x64.Build.0 = Debug|Any CPU
		{8D5B0FAD-589A-4F7C-966C-8C5AD96F62A3}.Debug|x86.ActiveCfg = Debug|Any CPU
		{8D5B0FAD-589A-4F7C-966C-8C5AD96F62A3}.Debug|x86.Build.0 = Debug|Any CPU
		{8D5B0FAD-589A-4F7C-966C-8C5AD96F62A3}.Release|Any CPU.ActiveCfg = Release|Any CPU
		{8D5B0FAD-589A-4F7C-966C-8C5AD96F62A3}.Release|Any CPU.Build.0 = Release|Any CPU
		{8D5B0FAD-589A-4F7C-966C-8C5AD96F62A3}.Release|x64.ActiveCfg = Release|Any CPU
		{8D5B0FAD-589A-4F7C-966C-8C5AD96F62A3}.Release|x64.Build.0 = Release|Any CPU
		{8D5B0FAD-589A-4F7C-966C-8C5AD96F62A3}.Release|x86.ActiveCfg = Release|Any CPU
		{8D5B0FAD-589A-4F7C-966C-8C5AD96F62A3}.Release|x86.Build.0 = Release|Any CPU
		{15049579-AF66-4298-8AAA-FDFE104C1BF1}.Debug|Any CPU.ActiveCfg = Debug|Any CPU
		{15049579-AF66-4298-8AAA-FDFE104C1BF1}.Debug|Any CPU.Build.0 = Debug|Any CPU
		{15049579-AF66-4298-8AAA-FDFE104C1BF1}.Debug|x64.ActiveCfg = Debug|Any CPU
		{15049579-AF66-4298-8AAA-FDFE104C1BF1}.Debug|x64.Build.0 = Debug|Any CPU
		{15049579-AF66-4298-8AAA-FDFE104C1BF1}.Debug|x86.ActiveCfg = Debug|Any CPU
		{15049579-AF66-4298-8AAA-FDFE104C1BF1}.Debug|x86.Build.0 = Debug|Any CPU
		{15049579-AF66-4298-8AAA-FDFE104C1BF1}.Release|Any CPU.ActiveCfg = Release|Any CPU
		{15049579-AF66-4298-8AAA-FDFE104C1BF1}.Release|Any CPU.Build.0 = Release|Any CPU
		{15049579-AF66-4298-8AAA-FDFE104C1BF1}.Release|x64.ActiveCfg = Release|Any CPU
		{15049579-AF66-4298-8AAA-FDFE104C1BF1}.Release|x64.Build.0 = Release|Any CPU
		{15049579-AF66-4298-8AAA-FDFE104C1BF1}.Release|x86.ActiveCfg = Release|Any CPU
		{15049579-AF66-4298-8AAA-FDFE104C1BF1}.Release|x86.Build.0 = Release|Any CPU
		{35FB1FC3-1A30-49F1-8357-E21A7A790FF0}.Debug|Any CPU.ActiveCfg = Debug|Any CPU
		{35FB1FC3-1A30-49F1-8357-E21A7A790FF0}.Debug|Any CPU.Build.0 = Debug|Any CPU
		{35FB1FC3-1A30-49F1-8357-E21A7A790FF0}.Debug|x64.ActiveCfg = Debug|Any CPU
		{35FB1FC3-1A30-49F1-8357-E21A7A790FF0}.Debug|x64.Build.0 = Debug|Any CPU
		{35FB1FC3-1A30-49F1-8357-E21A7A790FF0}.Debug|x86.ActiveCfg = Debug|Any CPU
		{35FB1FC3-1A30-49F1-8357-E21A7A790FF0}.Debug|x86.Build.0 = Debug|Any CPU
		{35FB1FC3-1A30-49F1-8357-E21A7A790FF0}.Release|Any CPU.ActiveCfg = Release|Any CPU
		{35FB1FC3-1A30-49F1-8357-E21A7A790FF0}.Release|Any CPU.Build.0 = Release|Any CPU
		{35FB1FC3-1A30-49F1-8357-E21A7A790FF0}.Release|x64.ActiveCfg = Release|Any CPU
		{35FB1FC3-1A30-49F1-8357-E21A7A790FF0}.Release|x64.Build.0 = Release|Any CPU
		{35FB1FC3-1A30-49F1-8357-E21A7A790FF0}.Release|x86.ActiveCfg = Release|Any CPU
		{35FB1FC3-1A30-49F1-8357-E21A7A790FF0}.Release|x86.Build.0 = Release|Any CPU
		{9EF4D950-E4DE-453F-857F-16566DB3BAAD}.Debug|Any CPU.ActiveCfg = Debug|Any CPU
		{9EF4D950-E4DE-453F-857F-16566DB3BAAD}.Debug|Any CPU.Build.0 = Debug|Any CPU
		{9EF4D950-E4DE-453F-857F-16566DB3BAAD}.Debug|x64.ActiveCfg = Debug|Any CPU
		{9EF4D950-E4DE-453F-857F-16566DB3BAAD}.Debug|x64.Build.0 = Debug|Any CPU
		{9EF4D950-E4DE-453F-857F-16566DB3BAAD}.Debug|x86.ActiveCfg = Debug|Any CPU
		{9EF4D950-E4DE-453F-857F-16566DB3BAAD}.Debug|x86.Build.0 = Debug|Any CPU
		{9EF4D950-E4DE-453F-857F-16566DB3BAAD}.Release|Any CPU.ActiveCfg = Release|Any CPU
		{9EF4D950-E4DE-453F-857F-16566DB3BAAD}.Release|Any CPU.Build.0 = Release|Any CPU
		{9EF4D950-E4DE-453F-857F-16566DB3BAAD}.Release|x64.ActiveCfg = Release|Any CPU
		{9EF4D950-E4DE-453F-857F-16566DB3BAAD}.Release|x64.Build.0 = Release|Any CPU
		{9EF4D950-E4DE-453F-857F-16566DB3BAAD}.Release|x86.ActiveCfg = Release|Any CPU
		{9EF4D950-E4DE-453F-857F-16566DB3BAAD}.Release|x86.Build.0 = Release|Any CPU
		{7E403E01-11D7-4584-8145-4A13C6A49EA5}.Debug|Any CPU.ActiveCfg = Debug|Any CPU
		{7E403E01-11D7-4584-8145-4A13C6A49EA5}.Debug|Any CPU.Build.0 = Debug|Any CPU
		{7E403E01-11D7-4584-8145-4A13C6A49EA5}.Debug|x64.ActiveCfg = Debug|Any CPU
		{7E403E01-11D7-4584-8145-4A13C6A49EA5}.Debug|x64.Build.0 = Debug|Any CPU
		{7E403E01-11D7-4584-8145-4A13C6A49EA5}.Debug|x86.ActiveCfg = Debug|Any CPU
		{7E403E01-11D7-4584-8145-4A13C6A49EA5}.Debug|x86.Build.0 = Debug|Any CPU
		{7E403E01-11D7-4584-8145-4A13C6A49EA5}.Release|Any CPU.ActiveCfg = Release|Any CPU
		{7E403E01-11D7-4584-8145-4A13C6A49EA5}.Release|Any CPU.Build.0 = Release|Any CPU
		{7E403E01-11D7-4584-8145-4A13C6A49EA5}.Release|x64.ActiveCfg = Release|Any CPU
		{7E403E01-11D7-4584-8145-4A13C6A49EA5}.Release|x64.Build.0 = Release|Any CPU
		{7E403E01-11D7-4584-8145-4A13C6A49EA5}.Release|x86.ActiveCfg = Release|Any CPU
		{7E403E01-11D7-4584-8145-4A13C6A49EA5}.Release|x86.Build.0 = Release|Any CPU
		{5A4322AE-1548-4D44-B741-E1FF75BB50DC}.Debug|Any CPU.ActiveCfg = Debug|Any CPU
		{5A4322AE-1548-4D44-B741-E1FF75BB50DC}.Debug|Any CPU.Build.0 = Debug|Any CPU
		{5A4322AE-1548-4D44-B741-E1FF75BB50DC}.Debug|x64.ActiveCfg = Debug|Any CPU
		{5A4322AE-1548-4D44-B741-E1FF75BB50DC}.Debug|x64.Build.0 = Debug|Any CPU
		{5A4322AE-1548-4D44-B741-E1FF75BB50DC}.Debug|x86.ActiveCfg = Debug|Any CPU
		{5A4322AE-1548-4D44-B741-E1FF75BB50DC}.Debug|x86.Build.0 = Debug|Any CPU
		{5A4322AE-1548-4D44-B741-E1FF75BB50DC}.Release|Any CPU.ActiveCfg = Release|Any CPU
		{5A4322AE-1548-4D44-B741-E1FF75BB50DC}.Release|Any CPU.Build.0 = Release|Any CPU
		{5A4322AE-1548-4D44-B741-E1FF75BB50DC}.Release|x64.ActiveCfg = Release|Any CPU
		{5A4322AE-1548-4D44-B741-E1FF75BB50DC}.Release|x64.Build.0 = Release|Any CPU
		{5A4322AE-1548-4D44-B741-E1FF75BB50DC}.Release|x86.ActiveCfg = Release|Any CPU
		{5A4322AE-1548-4D44-B741-E1FF75BB50DC}.Release|x86.Build.0 = Release|Any CPU
	EndGlobalSection
	GlobalSection(SolutionProperties) = preSolution
		HideSolutionNode = FALSE
	EndGlobalSection
EndGlobal
